dependencies:
- name: redis
  repository: https://charts.bitnami.com/bitnami
  version: 18.1.6
- name: mysql
  repository: https://charts.bitnami.com/bitnami
  version: 9.14.1
- name: kafka
  repository: https://charts.bitnami.com/bitnami
  version: 19.0.1
digest: sha256:51a9e202cd1cc37495dcd5c1c747493603c9729f05e509f4d706fa3f282136d3
generated: "2023-12-09T18:10:30.854611+02:00"
